
Microsoft Visual Studio Solution File, Format Version 12.00
# Visual Studio Version 17
VisualStudioVersion = 17.7.34031.279
MinimumVisualStudioVersion = 10.0.40219.1
Project("{9A19103F-16F7-4668-BE54-9A1E7A4F7556}") = "ReflectionLearning", "ReflectionLearning.csproj", "{244A1EAB-31CB-43FB-AD2F-5A55782002F2}"
EndProject
Project("{9A19103F-16F7-4668-BE54-9A1E7A4F7556}") = "ConfigFile", "..\ConfigFile\ConfigFile.csproj", "{BD5192DB-191F-494A-A97A-B2EA20194EB0}"
EndProject
Project("{FAE04EC0-301F-11D3-BF4B-00C04F79EFBC}") = "Inversion of Control Container", "..\Inversion of Control Container\Inversion of Control Container.csproj", "{085E1EAB-F856-4D19-ACCF-7296B722961D}"
EndProject
Global
	GlobalSection(SolutionConfigurationPlatforms) = preSolution
		Debug|Any CPU = Debug|Any CPU
		Release|Any CPU = Release|Any CPU
	EndGlobalSection
	GlobalSection(ProjectConfigurationPlatforms) = postSolution
		{244A1EAB-31CB-43FB-AD2F-5A55782002F2}.Debug|Any CPU.ActiveCfg = Debug|Any CPU
		{244A1EAB-31CB-43FB-AD2F-5A55782002F2}.Debug|Any CPU.Build.0 = Debug|Any CPU
		{244A1EAB-31CB-43FB-AD2F-5A55782002F2}.Release|Any CPU.ActiveCfg = Release|Any CPU
		{244A1EAB-31CB-43FB-AD2F-5A55782002F2}.Release|Any CPU.Build.0 = Release|Any CPU
		{BD5192DB-191F-494A-A97A-B2EA20194EB0}.Debug|Any CPU.ActiveCfg = Debug|Any CPU
		{BD5192DB-191F-494A-A97A-B2EA20194EB0}.Debug|Any CPU.Build.0 = Debug|Any CPU
		{BD5192DB-191F-494A-A97A-B2EA20194EB0}.Release|Any CPU.ActiveCfg = Release|Any CPU
		{BD5192DB-191F-494A-A97A-B2EA20194EB0}.Release|Any CPU.Build.0 = Release|Any CPU
		{085E1EAB-F856-4D19-ACCF-7296B722961D}.Debug|Any CPU.ActiveCfg = Debug|Any CPU
		{085E1EAB-F856-4D19-ACCF-7296B722961D}.Debug|Any CPU.Build.0 = Debug|Any CPU
		{085E1EAB-F856-4D19-ACCF-7296B722961D}.Release|Any CPU.ActiveCfg = Release|Any CPU
		{085E1EAB-F856-4D19-ACCF-7296B722961D}.Release|Any CPU.Build.0 = Release|Any CPU
	EndGlobalSection
	GlobalSection(SolutionProperties) = preSolution
		HideSolutionNode = FALSE
	EndGlobalSection
	GlobalSection(ExtensibilityGlobals) = postSolution
		SolutionGuid = {DD97499B-8622-406F-8200-FC8F46028E1D}
	EndGlobalSection
EndGlobal
