
Microsoft Visual Studio Solution File, Format Version 12.00
# Visual Studio Version 17
VisualStudioVersion = 17.7.34031.279
MinimumVisualStudioVersion = 10.0.40219.1
Project("{9A19103F-16F7-4668-BE54-9A1E7A4F7556}") = "Plural.App", "Plural.App\Plural.App.csproj", "{D5FC213C-DA04-4E77-A03D-E59D5AC5D971}"
EndProject
Project("{9A19103F-16F7-4668-BE54-9A1E7A4F7556}") = "BethanysPieShopHRM.Shared", "BethanysPieShopHRM.Shared\BethanysPieShopHRM.Shared.csproj", "{74845A4A-D8F2-4FE6-B4EA-1867E6AF0520}"
EndProject
Global
	GlobalSection(SolutionConfigurationPlatforms) = preSolution
		Debug|Any CPU = Debug|Any CPU
		Release|Any CPU = Release|Any CPU
	EndGlobalSection
	GlobalSection(ProjectConfigurationPlatforms) = postSolution
		{D5FC213C-DA04-4E77-A03D-E59D5AC5D971}.Debug|Any CPU.ActiveCfg = Debug|Any CPU
		{D5FC213C-DA04-4E77-A03D-E59D5AC5D971}.Debug|Any CPU.Build.0 = Debug|Any CPU
		{D5FC213C-DA04-4E77-A03D-E59D5AC5D971}.Release|Any CPU.ActiveCfg = Release|Any CPU
		{D5FC213C-DA04-4E77-A03D-E59D5AC5D971}.Release|Any CPU.Build.0 = Release|Any CPU
		{74845A4A-D8F2-4FE6-B4EA-1867E6AF0520}.Debug|Any CPU.ActiveCfg = Debug|Any CPU
		{74845A4A-D8F2-4FE6-B4EA-1867E6AF0520}.Debug|Any CPU.Build.0 = Debug|Any CPU
		{74845A4A-D8F2-4FE6-B4EA-1867E6AF0520}.Release|Any CPU.ActiveCfg = Release|Any CPU
		{74845A4A-D8F2-4FE6-B4EA-1867E6AF0520}.Release|Any CPU.Build.0 = Release|Any CPU
	EndGlobalSection
	GlobalSection(SolutionProperties) = preSolution
		HideSolutionNode = FALSE
	EndGlobalSection
	GlobalSection(ExtensibilityGlobals) = postSolution
		SolutionGuid = {EDC9C925-5A7D-43A0-B76F-02994857116B}
	EndGlobalSection
EndGlobal
