
Microsoft Visual Studio Solution File, Format Version 12.00
# Visual Studio Version 17
VisualStudioVersion = 17.7.34202.233
MinimumVisualStudioVersion = 10.0.40219.1
Project("{FAE04EC0-301F-11D3-BF4B-00C04F79EFBC}") = "RentalProject", "RentalProject.csproj", "{70F7FCAB-FB99-4F22-AD57-E2A469867047}"
EndProject
Project("{FAE04EC0-301F-11D3-BF4B-00C04F79EFBC}") = "RentalProject.Data", "..\RentalProject.Data\RentalProject.Data.csproj", "{C43B7D1A-B285-42D7-AB8D-ECCD9C4D1DC3}"
EndProject
Global
	GlobalSection(SolutionConfigurationPlatforms) = preSolution
		Debug|Any CPU = Debug|Any CPU
		Release|Any CPU = Release|Any CPU
	EndGlobalSection
	GlobalSection(ProjectConfigurationPlatforms) = postSolution
		{70F7FCAB-FB99-4F22-AD57-E2A469867047}.Debug|Any CPU.ActiveCfg = Debug|Any CPU
		{70F7FCAB-FB99-4F22-AD57-E2A469867047}.Debug|Any CPU.Build.0 = Debug|Any CPU
		{70F7FCAB-FB99-4F22-AD57-E2A469867047}.Release|Any CPU.ActiveCfg = Release|Any CPU
		{70F7FCAB-FB99-4F22-AD57-E2A469867047}.Release|Any CPU.Build.0 = Release|Any CPU
		{C43B7D1A-B285-42D7-AB8D-ECCD9C4D1DC3}.Debug|Any CPU.ActiveCfg = Debug|Any CPU
		{C43B7D1A-B285-42D7-AB8D-ECCD9C4D1DC3}.Debug|Any CPU.Build.0 = Debug|Any CPU
		{C43B7D1A-B285-42D7-AB8D-ECCD9C4D1DC3}.Release|Any CPU.ActiveCfg = Release|Any CPU
		{C43B7D1A-B285-42D7-AB8D-ECCD9C4D1DC3}.Release|Any CPU.Build.0 = Release|Any CPU
	EndGlobalSection
	GlobalSection(SolutionProperties) = preSolution
		HideSolutionNode = FALSE
	EndGlobalSection
	GlobalSection(ExtensibilityGlobals) = postSolution
		SolutionGuid = {18C8F252-6610-41D4-AC4B-1EDAFCE2E40C}
	EndGlobalSection
EndGlobal
