
Microsoft Visual Studio Solution File, Format Version 12.00
# Visual Studio Version 17
VisualStudioVersion = 17.7.34202.233
MinimumVisualStudioVersion = 10.0.40219.1
Project("{9A19103F-16F7-4668-BE54-9A1E7A4F7556}") = "RentACar.Data", "..\..\RentACar.Data\RentACar.Data.csproj", "{CBFE4C16-7122-4A63-B94C-DB226D62DDB0}"
EndProject
Project("{9A19103F-16F7-4668-BE54-9A1E7A4F7556}") = "RentACar.Common", "..\..\RentACar.Common\RentACar.Common.csproj", "{ED392056-A35D-42BA-B46D-2F8D36A6D027}"
EndProject
Project("{9A19103F-16F7-4668-BE54-9A1E7A4F7556}") = "RentACar.Business", "..\..\RentACar.Business\RentACar.Business.csproj", "{7A15DAFF-53BE-42D0-B002-95134E43DCDE}"
EndProject
Global
	GlobalSection(SolutionConfigurationPlatforms) = preSolution
		Debug|Any CPU = Debug|Any CPU
		Release|Any CPU = Release|Any CPU
	EndGlobalSection
	GlobalSection(ProjectConfigurationPlatforms) = postSolution
		{CBFE4C16-7122-4A63-B94C-DB226D62DDB0}.Debug|Any CPU.ActiveCfg = Debug|Any CPU
		{CBFE4C16-7122-4A63-B94C-DB226D62DDB0}.Debug|Any CPU.Build.0 = Debug|Any CPU
		{CBFE4C16-7122-4A63-B94C-DB226D62DDB0}.Release|Any CPU.ActiveCfg = Release|Any CPU
		{CBFE4C16-7122-4A63-B94C-DB226D62DDB0}.Release|Any CPU.Build.0 = Release|Any CPU
		{ED392056-A35D-42BA-B46D-2F8D36A6D027}.Debug|Any CPU.ActiveCfg = Debug|Any CPU
		{ED392056-A35D-42BA-B46D-2F8D36A6D027}.Debug|Any CPU.Build.0 = Debug|Any CPU
		{ED392056-A35D-42BA-B46D-2F8D36A6D027}.Release|Any CPU.ActiveCfg = Release|Any CPU
		{ED392056-A35D-42BA-B46D-2F8D36A6D027}.Release|Any CPU.Build.0 = Release|Any CPU
		{7A15DAFF-53BE-42D0-B002-95134E43DCDE}.Debug|Any CPU.ActiveCfg = Debug|Any CPU
		{7A15DAFF-53BE-42D0-B002-95134E43DCDE}.Debug|Any CPU.Build.0 = Debug|Any CPU
		{7A15DAFF-53BE-42D0-B002-95134E43DCDE}.Release|Any CPU.ActiveCfg = Release|Any CPU
		{7A15DAFF-53BE-42D0-B002-95134E43DCDE}.Release|Any CPU.Build.0 = Release|Any CPU
	EndGlobalSection
	GlobalSection(SolutionProperties) = preSolution
		HideSolutionNode = FALSE
	EndGlobalSection
	GlobalSection(ExtensibilityGlobals) = postSolution
		SolutionGuid = {7522564E-123E-4240-B6C9-0D0E0F84A704}
	EndGlobalSection
EndGlobal
